// !$*UTF8*$!
{
	archiveVersion = 1;
	classes = {
	};
	objectVersion = 51;
	objects = {

/* Begin PBXBuildFile section */
		0E57EAE649761EA8EC501E4A /* Pods_Mohae.framework in Frameworks */ = {isa = PBXBuildFile; fileRef = C1389490B80B37D0A593DE0D /* Pods_Mohae.framework */; };
		AFB3515323431F6F00CB304A /* SurveyViewController.swift in Sources */ = {isa = PBXBuildFile; fileRef = AFB3515223431F6F00CB304A /* SurveyViewController.swift */; };
		AFB351862344C6AE00CB304A /* MainSurvey.swift in Sources */ = {isa = PBXBuildFile; fileRef = AFB351852344C6AE00CB304A /* MainSurvey.swift */; };
		AFB351AC2349C73100CB304A /* MainSurveyCell.swift in Sources */ = {isa = PBXBuildFile; fileRef = AFB351AB2349C73100CB304A /* MainSurveyCell.swift */; };
		AFB351BE2349CA3A00CB304A /* AnalysisController.swift in Sources */ = {isa = PBXBuildFile; fileRef = AFB351BD2349CA3A00CB304A /* AnalysisController.swift */; };
		AFB351C0234B12D600CB304A /* GoogleService-Info.plist in Resources */ = {isa = PBXBuildFile; fileRef = AFB351BF234B12D600CB304A /* GoogleService-Info.plist */; };
		BC8D4A7022F9635B007C7F67 /* AppDelegate.swift in Sources */ = {isa = PBXBuildFile; fileRef = BC8D4A6F22F9635B007C7F67 /* AppDelegate.swift */; };
		BC8D4A7222F9635B007C7F67 /* ViewController.swift in Sources */ = {isa = PBXBuildFile; fileRef = BC8D4A7122F9635B007C7F67 /* ViewController.swift */; };
		BC8D4A7522F9635B007C7F67 /* Main.storyboard in Resources */ = {isa = PBXBuildFile; fileRef = BC8D4A7322F9635B007C7F67 /* Main.storyboard */; };
		BC8D4A7722F9635D007C7F67 /* Assets.xcassets in Resources */ = {isa = PBXBuildFile; fileRef = BC8D4A7622F9635D007C7F67 /* Assets.xcassets */; };
		BC8D4A7A22F9635D007C7F67 /* LaunchScreen.storyboard in Resources */ = {isa = PBXBuildFile; fileRef = BC8D4A7822F9635D007C7F67 /* LaunchScreen.storyboard */; };
		BC8D4A8522F9635D007C7F67 /* MohaeTests.swift in Sources */ = {isa = PBXBuildFile; fileRef = BC8D4A8422F9635D007C7F67 /* MohaeTests.swift */; };
		BC8D4A9022F9635D007C7F67 /* MohaeUITests.swift in Sources */ = {isa = PBXBuildFile; fileRef = BC8D4A8F22F9635D007C7F67 /* MohaeUITests.swift */; };
		FF3917A1236AB71500875EA7 /* ResultSurvey.swift in Sources */ = {isa = PBXBuildFile; fileRef = FF3917A0236AB71500875EA7 /* ResultSurvey.swift */; };
/* End PBXBuildFile section */

/* Begin PBXContainerItemProxy section */
		AFB3517E2344ADDB00CB304A /* PBXContainerItemProxy */ = {
			isa = PBXContainerItemProxy;
			containerPortal = AFB351792344ADDB00CB304A /* Pods.xcodeproj */;
			proxyType = 2;
			remoteGlobalIDString = 5CA91AD3A7A524D48D63005738375728;
			remoteInfo = "Pods-Mohae";
		};
		AFB351802344ADDB00CB304A /* PBXContainerItemProxy */ = {
			isa = PBXContainerItemProxy;
			containerPortal = AFB351792344ADDB00CB304A /* Pods.xcodeproj */;
			proxyType = 2;
			remoteGlobalIDString = 979486118B3E90C08386079D57962701;
			remoteInfo = SnapKit;
		};
		AFB351972344C6AF00CB304A /* PBXContainerItemProxy */ = {
			isa = PBXContainerItemProxy;
			containerPortal = AFB351792344ADDB00CB304A /* Pods.xcodeproj */;
			proxyType = 2;
			remoteGlobalIDString = E2B63D462DB7F827C4B11FD51E4F8E2D;
			remoteInfo = FirebaseCore;
		};
		AFB351992344C6AF00CB304A /* PBXContainerItemProxy */ = {
			isa = PBXContainerItemProxy;
			containerPortal = AFB351792344ADDB00CB304A /* Pods.xcodeproj */;
			proxyType = 2;
			remoteGlobalIDString = 8CC9178C366942FD6FF6A115604EAD58;
			remoteInfo = FirebaseCoreDiagnostics;
		};
		AFB3519B2344C6AF00CB304A /* PBXContainerItemProxy */ = {
			isa = PBXContainerItemProxy;
			containerPortal = AFB351792344ADDB00CB304A /* Pods.xcodeproj */;
			proxyType = 2;
			remoteGlobalIDString = 51671C73F008B5C0C3751B3855999213;
			remoteInfo = FirebaseDatabase;
		};
		AFB3519D2344C6AF00CB304A /* PBXContainerItemProxy */ = {
			isa = PBXContainerItemProxy;
			containerPortal = AFB351792344ADDB00CB304A /* Pods.xcodeproj */;
			proxyType = 2;
			remoteGlobalIDString = 2DA0D814DFCB860D31D7BCD63D795858;
			remoteInfo = FirebaseInstanceID;
		};
		AFB3519F2344C6AF00CB304A /* PBXContainerItemProxy */ = {
			isa = PBXContainerItemProxy;
			containerPortal = AFB351792344ADDB00CB304A /* Pods.xcodeproj */;
			proxyType = 2;
			remoteGlobalIDString = 856B5CD56F194FAD26EA91620B66D614;
			remoteInfo = GoogleDataTransport;
		};
		AFB351A12344C6AF00CB304A /* PBXContainerItemProxy */ = {
			isa = PBXContainerItemProxy;
			containerPortal = AFB351792344ADDB00CB304A /* Pods.xcodeproj */;
			proxyType = 2;
			remoteGlobalIDString = 6942351307BC1F54575D9853307EAE0E;
			remoteInfo = GoogleDataTransportCCTSupport;
		};
		AFB351A32344C6AF00CB304A /* PBXContainerItemProxy */ = {
			isa = PBXContainerItemProxy;
			containerPortal = AFB351792344ADDB00CB304A /* Pods.xcodeproj */;
			proxyType = 2;
			remoteGlobalIDString = B43874C6CBB50E7134FBEC24BABFE14F;
			remoteInfo = GoogleUtilities;
		};
		AFB351A52344C6AF00CB304A /* PBXContainerItemProxy */ = {
			isa = PBXContainerItemProxy;
			containerPortal = AFB351792344ADDB00CB304A /* Pods.xcodeproj */;
			proxyType = 2;
			remoteGlobalIDString = 0A9F46A999C47653013D3AD854352507;
			remoteInfo = "leveldb-library";
		};
		AFB351A72344C6AF00CB304A /* PBXContainerItemProxy */ = {
			isa = PBXContainerItemProxy;
			containerPortal = AFB351792344ADDB00CB304A /* Pods.xcodeproj */;
			proxyType = 2;
			remoteGlobalIDString = 06FC5C9CF96D60C50FCD47D339C91951;
			remoteInfo = nanopb;
		};
		BC8D4A8122F9635D007C7F67 /* PBXContainerItemProxy */ = {
			isa = PBXContainerItemProxy;
			containerPortal = BC8D4A6422F9635B007C7F67 /* Project object */;
			proxyType = 1;
			remoteGlobalIDString = BC8D4A6B22F9635B007C7F67;
			remoteInfo = Mohae;
		};
		BC8D4A8C22F9635D007C7F67 /* PBXContainerItemProxy */ = {
			isa = PBXContainerItemProxy;
			containerPortal = BC8D4A6422F9635B007C7F67 /* Project object */;
			proxyType = 1;
			remoteGlobalIDString = BC8D4A6B22F9635B007C7F67;
			remoteInfo = Mohae;
		};
		FF3917B92370433400875EA7 /* PBXContainerItemProxy */ = {
			isa = PBXContainerItemProxy;
			containerPortal = AFB351792344ADDB00CB304A /* Pods.xcodeproj */;
			proxyType = 2;
			remoteGlobalIDString = A1C1B977ED8804E8AEEC884E7359EE58;
			remoteInfo = Charts;
		};
/* End PBXContainerItemProxy section */

/* Begin PBXFileReference section */
		9ABE04658614A27B1D5977D9 /* Pods-Mohae.release.xcconfig */ = {isa = PBXFileReference; includeInIndex = 1; lastKnownFileType = text.xcconfig; name = "Pods-Mohae.release.xcconfig"; path = "Target Support Files/Pods-Mohae/Pods-Mohae.release.xcconfig"; sourceTree = "<group>"; };
		AD55273E82D96CD590FD42F3 /* Pods-Mohae.debug.xcconfig */ = {isa = PBXFileReference; includeInIndex = 1; lastKnownFileType = text.xcconfig; name = "Pods-Mohae.debug.xcconfig"; path = "Target Support Files/Pods-Mohae/Pods-Mohae.debug.xcconfig"; sourceTree = "<group>"; };
		AFB3515223431F6F00CB304A /* SurveyViewController.swift */ = {isa = PBXFileReference; lastKnownFileType = sourcecode.swift; path = SurveyViewController.swift; sourceTree = "<group>"; };
		AFB351792344ADDB00CB304A /* Pods.xcodeproj */ = {isa = PBXFileReference; lastKnownFileType = "wrapper.pb-project"; name = Pods.xcodeproj; path = Pods/Pods.xcodeproj; sourceTree = "<group>"; };
		AFB351852344C6AE00CB304A /* MainSurvey.swift */ = {isa = PBXFileReference; lastKnownFileType = sourcecode.swift; path = MainSurvey.swift; sourceTree = "<group>"; };
		AFB351AB2349C73100CB304A /* MainSurveyCell.swift */ = {isa = PBXFileReference; lastKnownFileType = sourcecode.swift; path = MainSurveyCell.swift; sourceTree = "<group>"; };
		AFB351BD2349CA3A00CB304A /* AnalysisController.swift */ = {isa = PBXFileReference; lastKnownFileType = sourcecode.swift; path = AnalysisController.swift; sourceTree = "<group>"; };
		AFB351BF234B12D600CB304A /* GoogleService-Info.plist */ = {isa = PBXFileReference; fileEncoding = 4; lastKnownFileType = text.plist.xml; path = "GoogleService-Info.plist"; sourceTree = "<group>"; };
		BC8D4A6C22F9635B007C7F67 /* Mohae.app */ = {isa = PBXFileReference; explicitFileType = wrapper.application; includeInIndex = 0; path = Mohae.app; sourceTree = BUILT_PRODUCTS_DIR; };
		BC8D4A6F22F9635B007C7F67 /* AppDelegate.swift */ = {isa = PBXFileReference; lastKnownFileType = sourcecode.swift; path = AppDelegate.swift; sourceTree = "<group>"; };
		BC8D4A7122F9635B007C7F67 /* ViewController.swift */ = {isa = PBXFileReference; lastKnownFileType = sourcecode.swift; path = ViewController.swift; sourceTree = "<group>"; };
		BC8D4A7422F9635B007C7F67 /* Base */ = {isa = PBXFileReference; lastKnownFileType = file.storyboard; name = Base; path = Base.lproj/Main.storyboard; sourceTree = "<group>"; };
		BC8D4A7622F9635D007C7F67 /* Assets.xcassets */ = {isa = PBXFileReference; lastKnownFileType = folder.assetcatalog; path = Assets.xcassets; sourceTree = "<group>"; };
		BC8D4A7922F9635D007C7F67 /* Base */ = {isa = PBXFileReference; lastKnownFileType = file.storyboard; name = Base; path = Base.lproj/LaunchScreen.storyboard; sourceTree = "<group>"; };
		BC8D4A7B22F9635D007C7F67 /* Info.plist */ = {isa = PBXFileReference; lastKnownFileType = text.plist.xml; path = Info.plist; sourceTree = "<group>"; };
		BC8D4A8022F9635D007C7F67 /* MohaeTests.xctest */ = {isa = PBXFileReference; explicitFileType = wrapper.cfbundle; includeInIndex = 0; path = MohaeTests.xctest; sourceTree = BUILT_PRODUCTS_DIR; };
		BC8D4A8422F9635D007C7F67 /* MohaeTests.swift */ = {isa = PBXFileReference; lastKnownFileType = sourcecode.swift; path = MohaeTests.swift; sourceTree = "<group>"; };
		BC8D4A8622F9635D007C7F67 /* Info.plist */ = {isa = PBXFileReference; lastKnownFileType = text.plist.xml; path = Info.plist; sourceTree = "<group>"; };
		BC8D4A8B22F9635D007C7F67 /* MohaeUITests.xctest */ = {isa = PBXFileReference; explicitFileType = wrapper.cfbundle; includeInIndex = 0; path = MohaeUITests.xctest; sourceTree = BUILT_PRODUCTS_DIR; };
		BC8D4A8F22F9635D007C7F67 /* MohaeUITests.swift */ = {isa = PBXFileReference; lastKnownFileType = sourcecode.swift; path = MohaeUITests.swift; sourceTree = "<group>"; };
		BC8D4A9122F9635D007C7F67 /* Info.plist */ = {isa = PBXFileReference; lastKnownFileType = text.plist.xml; path = Info.plist; sourceTree = "<group>"; };
		C1389490B80B37D0A593DE0D /* Pods_Mohae.framework */ = {isa = PBXFileReference; explicitFileType = wrapper.framework; includeInIndex = 0; path = Pods_Mohae.framework; sourceTree = BUILT_PRODUCTS_DIR; };
		FF3917A0236AB71500875EA7 /* ResultSurvey.swift */ = {isa = PBXFileReference; lastKnownFileType = sourcecode.swift; path = ResultSurvey.swift; sourceTree = "<group>"; };
/* End PBXFileReference section */

/* Begin PBXFrameworksBuildPhase section */
		BC8D4A6922F9635B007C7F67 /* Frameworks */ = {
			isa = PBXFrameworksBuildPhase;
			buildActionMask = 2147483647;
			files = (
				0E57EAE649761EA8EC501E4A /* Pods_Mohae.framework in Frameworks */,
			);
			runOnlyForDeploymentPostprocessing = 0;
		};
		BC8D4A7D22F9635D007C7F67 /* Frameworks */ = {
			isa = PBXFrameworksBuildPhase;
			buildActionMask = 2147483647;
			files = (
			);
			runOnlyForDeploymentPostprocessing = 0;
		};
		BC8D4A8822F9635D007C7F67 /* Frameworks */ = {
			isa = PBXFrameworksBuildPhase;
			buildActionMask = 2147483647;
			files = (
			);
			runOnlyForDeploymentPostprocessing = 0;
		};
/* End PBXFrameworksBuildPhase section */

/* Begin PBXGroup section */
		359F8EB4E08B0D052B6E2A68 /* Pods */ = {
			isa = PBXGroup;
			children = (
				AD55273E82D96CD590FD42F3 /* Pods-Mohae.debug.xcconfig */,
				9ABE04658614A27B1D5977D9 /* Pods-Mohae.release.xcconfig */,
			);
			path = Pods;
			sourceTree = "<group>";
		};
		41FE5790A7BF4494BD4A3021 /* Frameworks */ = {
			isa = PBXGroup;
			children = (
				AFB351792344ADDB00CB304A /* Pods.xcodeproj */,
				C1389490B80B37D0A593DE0D /* Pods_Mohae.framework */,
			);
			name = Frameworks;
			sourceTree = "<group>";
		};
		AFB3515423431F8F00CB304A /* Controller */ = {
			isa = PBXGroup;
			children = (
				AFB3515223431F6F00CB304A /* SurveyViewController.swift */,
				AFB351BD2349CA3A00CB304A /* AnalysisController.swift */,
			);
			path = Controller;
			sourceTree = "<group>";
		};
		AFB351552343355600CB304A /* View */ = {
			isa = PBXGroup;
			children = (
				AFB351AB2349C73100CB304A /* MainSurveyCell.swift */,
				FF3917A0236AB71500875EA7 /* ResultSurvey.swift */,
			);
			path = View;
			sourceTree = "<group>";
		};
		AFB3517A2344ADDB00CB304A /* Products */ = {
			isa = PBXGroup;
			children = (
				FF3917BA2370433400875EA7 /* Charts.framework */,
				AFB351982344C6AF00CB304A /* FirebaseCore.framework */,
				AFB3519A2344C6AF00CB304A /* FirebaseCoreDiagnostics.framework */,
				AFB3519C2344C6AF00CB304A /* FirebaseDatabase.framework */,
				AFB3519E2344C6AF00CB304A /* FirebaseInstanceID.framework */,
				AFB351A02344C6AF00CB304A /* GoogleDataTransport.framework */,
				AFB351A22344C6AF00CB304A /* GoogleDataTransportCCTSupport.framework */,
				AFB351A42344C6AF00CB304A /* GoogleUtilities.framework */,
				AFB351A62344C6AF00CB304A /* leveldb.framework */,
				AFB351A82344C6AF00CB304A /* nanopb.framework */,
				AFB3517F2344ADDB00CB304A /* Pods_Mohae.framework */,
				AFB351812344ADDB00CB304A /* SnapKit.framework */,
			);
			name = Products;
			sourceTree = "<group>";
		};
		AFB351822344AE0F00CB304A /* Model */ = {
			isa = PBXGroup;
			children = (
				AFB351852344C6AE00CB304A /* MainSurvey.swift */,
			);
			path = Model;
			sourceTree = "<group>";
		};
		BC8D4A6322F9635B007C7F67 = {
			isa = PBXGroup;
			children = (
				AFB351BF234B12D600CB304A /* GoogleService-Info.plist */,
				BC8D4A6E22F9635B007C7F67 /* Mohae */,
				BC8D4A8322F9635D007C7F67 /* MohaeTests */,
				BC8D4A8E22F9635D007C7F67 /* MohaeUITests */,
				BC8D4A6D22F9635B007C7F67 /* Products */,
				359F8EB4E08B0D052B6E2A68 /* Pods */,
				41FE5790A7BF4494BD4A3021 /* Frameworks */,
			);
			sourceTree = "<group>";
		};
		BC8D4A6D22F9635B007C7F67 /* Products */ = {
			isa = PBXGroup;
			children = (
				BC8D4A6C22F9635B007C7F67 /* Mohae.app */,
				BC8D4A8022F9635D007C7F67 /* MohaeTests.xctest */,
				BC8D4A8B22F9635D007C7F67 /* MohaeUITests.xctest */,
			);
			name = Products;
			sourceTree = "<group>";
		};
		BC8D4A6E22F9635B007C7F67 /* Mohae */ = {
			isa = PBXGroup;
			children = (
				AFB351822344AE0F00CB304A /* Model */,
				AFB351552343355600CB304A /* View */,
				AFB3515423431F8F00CB304A /* Controller */,
				BC8D4A6F22F9635B007C7F67 /* AppDelegate.swift */,
				BC8D4A7122F9635B007C7F67 /* ViewController.swift */,
				BC8D4A7322F9635B007C7F67 /* Main.storyboard */,
				BC8D4A7622F9635D007C7F67 /* Assets.xcassets */,
				BC8D4A7822F9635D007C7F67 /* LaunchScreen.storyboard */,
				BC8D4A7B22F9635D007C7F67 /* Info.plist */,
			);
			path = Mohae;
			sourceTree = "<group>";
		};
		BC8D4A8322F9635D007C7F67 /* MohaeTests */ = {
			isa = PBXGroup;
			children = (
				BC8D4A8422F9635D007C7F67 /* MohaeTests.swift */,
				BC8D4A8622F9635D007C7F67 /* Info.plist */,
			);
			path = MohaeTests;
			sourceTree = "<group>";
		};
		BC8D4A8E22F9635D007C7F67 /* MohaeUITests */ = {
			isa = PBXGroup;
			children = (
				BC8D4A8F22F9635D007C7F67 /* MohaeUITests.swift */,
				BC8D4A9122F9635D007C7F67 /* Info.plist */,
			);
			path = MohaeUITests;
			sourceTree = "<group>";
		};
/* End PBXGroup section */

/* Begin PBXNativeTarget section */
		BC8D4A6B22F9635B007C7F67 /* Mohae */ = {
			isa = PBXNativeTarget;
			buildConfigurationList = BC8D4A9422F9635D007C7F67 /* Build configuration list for PBXNativeTarget "Mohae" */;
			buildPhases = (
				D3421842559403B1125F19C8 /* [CP] Check Pods Manifest.lock */,
				BC8D4A6822F9635B007C7F67 /* Sources */,
				BC8D4A6922F9635B007C7F67 /* Frameworks */,
				BC8D4A6A22F9635B007C7F67 /* Resources */,
				97800F17A50977C607247FCD /* [CP] Embed Pods Frameworks */,
			);
			buildRules = (
			);
			dependencies = (
			);
			name = Mohae;
			productName = Mohae;
			productReference = BC8D4A6C22F9635B007C7F67 /* Mohae.app */;
			productType = "com.apple.product-type.application";
		};
		BC8D4A7F22F9635D007C7F67 /* MohaeTests */ = {
			isa = PBXNativeTarget;
			buildConfigurationList = BC8D4A9722F9635D007C7F67 /* Build configuration list for PBXNativeTarget "MohaeTests" */;
			buildPhases = (
				BC8D4A7C22F9635D007C7F67 /* Sources */,
				BC8D4A7D22F9635D007C7F67 /* Frameworks */,
				BC8D4A7E22F9635D007C7F67 /* Resources */,
			);
			buildRules = (
			);
			dependencies = (
				BC8D4A8222F9635D007C7F67 /* PBXTargetDependency */,
			);
			name = MohaeTests;
			productName = MohaeTests;
			productReference = BC8D4A8022F9635D007C7F67 /* MohaeTests.xctest */;
			productType = "com.apple.product-type.bundle.unit-test";
		};
		BC8D4A8A22F9635D007C7F67 /* MohaeUITests */ = {
			isa = PBXNativeTarget;
			buildConfigurationList = BC8D4A9A22F9635D007C7F67 /* Build configuration list for PBXNativeTarget "MohaeUITests" */;
			buildPhases = (
				BC8D4A8722F9635D007C7F67 /* Sources */,
				BC8D4A8822F9635D007C7F67 /* Frameworks */,
				BC8D4A8922F9635D007C7F67 /* Resources */,
			);
			buildRules = (
			);
			dependencies = (
				BC8D4A8D22F9635D007C7F67 /* PBXTargetDependency */,
			);
			name = MohaeUITests;
			productName = MohaeUITests;
			productReference = BC8D4A8B22F9635D007C7F67 /* MohaeUITests.xctest */;
			productType = "com.apple.product-type.bundle.ui-testing";
		};
/* End PBXNativeTarget section */

/* Begin PBXProject section */
		BC8D4A6422F9635B007C7F67 /* Project object */ = {
			isa = PBXProject;
			attributes = {
				LastSwiftUpdateCheck = 1020;
				LastUpgradeCheck = 1020;
				ORGANIZATIONNAME = "권혁준";
				TargetAttributes = {
					BC8D4A6B22F9635B007C7F67 = {
						CreatedOnToolsVersion = 10.2.1;
						LastSwiftMigration = 1110;
					};
					BC8D4A7F22F9635D007C7F67 = {
						CreatedOnToolsVersion = 10.2.1;
						TestTargetID = BC8D4A6B22F9635B007C7F67;
					};
					BC8D4A8A22F9635D007C7F67 = {
						CreatedOnToolsVersion = 10.2.1;
						TestTargetID = BC8D4A6B22F9635B007C7F67;
					};
				};
			};
			buildConfigurationList = BC8D4A6722F9635B007C7F67 /* Build configuration list for PBXProject "Mohae" */;
			compatibilityVersion = "Xcode 9.3";
			developmentRegion = en;
			hasScannedForEncodings = 0;
			knownRegions = (
				en,
				Base,
			);
			mainGroup = BC8D4A6322F9635B007C7F67;
			productRefGroup = BC8D4A6D22F9635B007C7F67 /* Products */;
			projectDirPath = "";
			projectReferences = (
				{
					ProductGroup = AFB3517A2344ADDB00CB304A /* Products */;
					ProjectRef = AFB351792344ADDB00CB304A /* Pods.xcodeproj */;
				},
			);
			projectRoot = "";
			targets = (
				BC8D4A6B22F9635B007C7F67 /* Mohae */,
				BC8D4A7F22F9635D007C7F67 /* MohaeTests */,
				BC8D4A8A22F9635D007C7F67 /* MohaeUITests */,
			);
		};
/* End PBXProject section */

/* Begin PBXReferenceProxy section */
		AFB3517F2344ADDB00CB304A /* Pods_Mohae.framework */ = {
			isa = PBXReferenceProxy;
			fileType = wrapper.framework;
			path = Pods_Mohae.framework;
			remoteRef = AFB3517E2344ADDB00CB304A /* PBXContainerItemProxy */;
			sourceTree = BUILT_PRODUCTS_DIR;
		};
		AFB351812344ADDB00CB304A /* SnapKit.framework */ = {
			isa = PBXReferenceProxy;
			fileType = wrapper.framework;
			path = SnapKit.framework;
			remoteRef = AFB351802344ADDB00CB304A /* PBXContainerItemProxy */;
			sourceTree = BUILT_PRODUCTS_DIR;
		};
		AFB351982344C6AF00CB304A /* FirebaseCore.framework */ = {
			isa = PBXReferenceProxy;
			fileType = wrapper.framework;
			path = FirebaseCore.framework;
			remoteRef = AFB351972344C6AF00CB304A /* PBXContainerItemProxy */;
			sourceTree = BUILT_PRODUCTS_DIR;
		};
		AFB3519A2344C6AF00CB304A /* FirebaseCoreDiagnostics.framework */ = {
			isa = PBXReferenceProxy;
			fileType = wrapper.framework;
			path = FirebaseCoreDiagnostics.framework;
			remoteRef = AFB351992344C6AF00CB304A /* PBXContainerItemProxy */;
			sourceTree = BUILT_PRODUCTS_DIR;
		};
		AFB3519C2344C6AF00CB304A /* FirebaseDatabase.framework */ = {
			isa = PBXReferenceProxy;
			fileType = wrapper.framework;
			path = FirebaseDatabase.framework;
			remoteRef = AFB3519B2344C6AF00CB304A /* PBXContainerItemProxy */;
			sourceTree = BUILT_PRODUCTS_DIR;
		};
		AFB3519E2344C6AF00CB304A /* FirebaseInstanceID.framework */ = {
			isa = PBXReferenceProxy;
			fileType = wrapper.framework;
			path = FirebaseInstanceID.framework;
			remoteRef = AFB3519D2344C6AF00CB304A /* PBXContainerItemProxy */;
			sourceTree = BUILT_PRODUCTS_DIR;
		};
		AFB351A02344C6AF00CB304A /* GoogleDataTransport.framework */ = {
			isa = PBXReferenceProxy;
			fileType = wrapper.framework;
			path = GoogleDataTransport.framework;
			remoteRef = AFB3519F2344C6AF00CB304A /* PBXContainerItemProxy */;
			sourceTree = BUILT_PRODUCTS_DIR;
		};
		AFB351A22344C6AF00CB304A /* GoogleDataTransportCCTSupport.framework */ = {
			isa = PBXReferenceProxy;
			fileType = wrapper.framework;
			path = GoogleDataTransportCCTSupport.framework;
			remoteRef = AFB351A12344C6AF00CB304A /* PBXContainerItemProxy */;
			sourceTree = BUILT_PRODUCTS_DIR;
		};
		AFB351A42344C6AF00CB304A /* GoogleUtilities.framework */ = {
			isa = PBXReferenceProxy;
			fileType = wrapper.framework;
			path = GoogleUtilities.framework;
			remoteRef = AFB351A32344C6AF00CB304A /* PBXContainerItemProxy */;
			sourceTree = BUILT_PRODUCTS_DIR;
		};
		AFB351A62344C6AF00CB304A /* leveldb.framework */ = {
			isa = PBXReferenceProxy;
			fileType = wrapper.framework;
			path = leveldb.framework;
			remoteRef = AFB351A52344C6AF00CB304A /* PBXContainerItemProxy */;
			sourceTree = BUILT_PRODUCTS_DIR;
		};
		AFB351A82344C6AF00CB304A /* nanopb.framework */ = {
			isa = PBXReferenceProxy;
			fileType = wrapper.framework;
			path = nanopb.framework;
			remoteRef = AFB351A72344C6AF00CB304A /* PBXContainerItemProxy */;
			sourceTree = BUILT_PRODUCTS_DIR;
		};
		FF3917BA2370433400875EA7 /* Charts.framework */ = {
			isa = PBXReferenceProxy;
			fileType = wrapper.framework;
			path = Charts.framework;
			remoteRef = FF3917B92370433400875EA7 /* PBXContainerItemProxy */;
			sourceTree = BUILT_PRODUCTS_DIR;
		};
/* End PBXReferenceProxy section */

/* Begin PBXResourcesBuildPhase section */
		BC8D4A6A22F9635B007C7F67 /* Resources */ = {
			isa = PBXResourcesBuildPhase;
			buildActionMask = 2147483647;
			files = (
				BC8D4A7A22F9635D007C7F67 /* LaunchScreen.storyboard in Resources */,
				AFB351C0234B12D600CB304A /* GoogleService-Info.plist in Resources */,
				BC8D4A7722F9635D007C7F67 /* Assets.xcassets in Resources */,
				BC8D4A7522F9635B007C7F67 /* Main.storyboard in Resources */,
			);
			runOnlyForDeploymentPostprocessing = 0;
		};
		BC8D4A7E22F9635D007C7F67 /* Resources */ = {
			isa = PBXResourcesBuildPhase;
			buildActionMask = 2147483647;
			files = (
			);
			runOnlyForDeploymentPostprocessing = 0;
		};
		BC8D4A8922F9635D007C7F67 /* Resources */ = {
			isa = PBXResourcesBuildPhase;
			buildActionMask = 2147483647;
			files = (
			);
			runOnlyForDeploymentPostprocessing = 0;
		};
/* End PBXResourcesBuildPhase section */

/* Begin PBXShellScriptBuildPhase section */
		97800F17A50977C607247FCD /* [CP] Embed Pods Frameworks */ = {
			isa = PBXShellScriptBuildPhase;
			buildActionMask = 2147483647;
			files = (
			);
			inputFileListPaths = (
				"${PODS_ROOT}/Target Support Files/Pods-Mohae/Pods-Mohae-frameworks-${CONFIGURATION}-input-files.xcfilelist",
			);
			name = "[CP] Embed Pods Frameworks";
			outputFileListPaths = (
				"${PODS_ROOT}/Target Support Files/Pods-Mohae/Pods-Mohae-frameworks-${CONFIGURATION}-output-files.xcfilelist",
			);
			runOnlyForDeploymentPostprocessing = 0;
			shellPath = /bin/sh;
			shellScript = "\"${PODS_ROOT}/Target Support Files/Pods-Mohae/Pods-Mohae-frameworks.sh\"\n";
			showEnvVarsInLog = 0;
		};
		D3421842559403B1125F19C8 /* [CP] Check Pods Manifest.lock */ = {
			isa = PBXShellScriptBuildPhase;
			buildActionMask = 2147483647;
			files = (
			);
			inputFileListPaths = (
			);
			inputPaths = (
				"${PODS_PODFILE_DIR_PATH}/Podfile.lock",
				"${PODS_ROOT}/Manifest.lock",
			);
			name = "[CP] Check Pods Manifest.lock";
			outputFileListPaths = (
			);
			outputPaths = (
				"$(DERIVED_FILE_DIR)/Pods-Mohae-checkManifestLockResult.txt",
			);
			runOnlyForDeploymentPostprocessing = 0;
			shellPath = /bin/sh;
			shellScript = "diff \"${PODS_PODFILE_DIR_PATH}/Podfile.lock\" \"${PODS_ROOT}/Manifest.lock\" > /dev/null\nif [ $? != 0 ] ; then\n    # print error to STDERR\n    echo \"error: The sandbox is not in sync with the Podfile.lock. Run 'pod install' or update your CocoaPods installation.\" >&2\n    exit 1\nfi\n# This output is used by Xcode 'outputs' to avoid re-running this script phase.\necho \"SUCCESS\" > \"${SCRIPT_OUTPUT_FILE_0}\"\n";
			showEnvVarsInLog = 0;
		};
/* End PBXShellScriptBuildPhase section */

/* Begin PBXSourcesBuildPhase section */
		BC8D4A6822F9635B007C7F67 /* Sources */ = {
			isa = PBXSourcesBuildPhase;
			buildActionMask = 2147483647;
			files = (
				BC8D4A7222F9635B007C7F67 /* ViewController.swift in Sources */,
				AFB3515323431F6F00CB304A /* SurveyViewController.swift in Sources */,
				AFB351AC2349C73100CB304A /* MainSurveyCell.swift in Sources */,
				AFB351862344C6AE00CB304A /* MainSurvey.swift in Sources */,
				BC8D4A7022F9635B007C7F67 /* AppDelegate.swift in Sources */,
				AFB351BE2349CA3A00CB304A /* AnalysisController.swift in Sources */,
				FF3917A1236AB71500875EA7 /* ResultSurvey.swift in Sources */,
			);
			runOnlyForDeploymentPostprocessing = 0;
		};
		BC8D4A7C22F9635D007C7F67 /* Sources */ = {
			isa = PBXSourcesBuildPhase;
			buildActionMask = 2147483647;
			files = (
				BC8D4A8522F9635D007C7F67 /* MohaeTests.swift in Sources */,
			);
			runOnlyForDeploymentPostprocessing = 0;
		};
		BC8D4A8722F9635D007C7F67 /* Sources */ = {
			isa = PBXSourcesBuildPhase;
			buildActionMask = 2147483647;
			files = (
				BC8D4A9022F9635D007C7F67 /* MohaeUITests.swift in Sources */,
			);
			runOnlyForDeploymentPostprocessing = 0;
		};
/* End PBXSourcesBuildPhase section */

/* Begin PBXTargetDependency section */
		BC8D4A8222F9635D007C7F67 /* PBXTargetDependency */ = {
			isa = PBXTargetDependency;
			target = BC8D4A6B22F9635B007C7F67 /* Mohae */;
			targetProxy = BC8D4A8122F9635D007C7F67 /* PBXContainerItemProxy */;
		};
		BC8D4A8D22F9635D007C7F67 /* PBXTargetDependency */ = {
			isa = PBXTargetDependency;
			target = BC8D4A6B22F9635B007C7F67 /* Mohae */;
			targetProxy = BC8D4A8C22F9635D007C7F67 /* PBXContainerItemProxy */;
		};
/* End PBXTargetDependency section */

/* Begin PBXVariantGroup section */
		BC8D4A7322F9635B007C7F67 /* Main.storyboard */ = {
			isa = PBXVariantGroup;
			children = (
				BC8D4A7422F9635B007C7F67 /* Base */,
			);
			name = Main.storyboard;
			sourceTree = "<group>";
		};
		BC8D4A7822F9635D007C7F67 /* LaunchScreen.storyboard */ = {
			isa = PBXVariantGroup;
			children = (
				BC8D4A7922F9635D007C7F67 /* Base */,
			);
			name = LaunchScreen.storyboard;
			sourceTree = "<group>";
		};
/* End PBXVariantGroup section */

/* Begin XCBuildConfiguration section */
		BC8D4A9222F9635D007C7F67 /* Debug */ = {
			isa = XCBuildConfiguration;
			buildSettings = {
				ALWAYS_SEARCH_USER_PATHS = NO;
				CLANG_ANALYZER_NONNULL = YES;
				CLANG_ANALYZER_NUMBER_OBJECT_CONVERSION = YES_AGGRESSIVE;
				CLANG_CXX_LANGUAGE_STANDARD = "gnu++14";
				CLANG_CXX_LIBRARY = "libc++";
				CLANG_ENABLE_MODULES = YES;
				CLANG_ENABLE_OBJC_ARC = YES;
				CLANG_ENABLE_OBJC_WEAK = YES;
				CLANG_WARN_BLOCK_CAPTURE_AUTORELEASING = YES;
				CLANG_WARN_BOOL_CONVERSION = YES;
				CLANG_WARN_COMMA = YES;
				CLANG_WARN_CONSTANT_CONVERSION = YES;
				CLANG_WARN_DEPRECATED_OBJC_IMPLEMENTATIONS = YES;
				CLANG_WARN_DIRECT_OBJC_ISA_USAGE = YES_ERROR;
				CLANG_WARN_DOCUMENTATION_COMMENTS = YES;
				CLANG_WARN_EMPTY_BODY = YES;
				CLANG_WARN_ENUM_CONVERSION = YES;
				CLANG_WARN_INFINITE_RECURSION = YES;
				CLANG_WARN_INT_CONVERSION = YES;
				CLANG_WARN_NON_LITERAL_NULL_CONVERSION = YES;
				CLANG_WARN_OBJC_IMPLICIT_RETAIN_SELF = YES;
				CLANG_WARN_OBJC_LITERAL_CONVERSION = YES;
				CLANG_WARN_OBJC_ROOT_CLASS = YES_ERROR;
				CLANG_WARN_RANGE_LOOP_ANALYSIS = YES;
				CLANG_WARN_STRICT_PROTOTYPES = YES;
				CLANG_WARN_SUSPICIOUS_MOVE = YES;
				CLANG_WARN_UNGUARDED_AVAILABILITY = YES_AGGRESSIVE;
				CLANG_WARN_UNREACHABLE_CODE = YES;
				CLANG_WARN__DUPLICATE_METHOD_MATCH = YES;
				CODE_SIGN_IDENTITY = "iPhone Developer";
				COPY_PHASE_STRIP = NO;
				DEBUG_INFORMATION_FORMAT = dwarf;
				ENABLE_STRICT_OBJC_MSGSEND = YES;
				ENABLE_TESTABILITY = YES;
				GCC_C_LANGUAGE_STANDARD = gnu11;
				GCC_DYNAMIC_NO_PIC = NO;
				GCC_NO_COMMON_BLOCKS = YES;
				GCC_OPTIMIZATION_LEVEL = 0;
				GCC_PREPROCESSOR_DEFINITIONS = (
					"DEBUG=1",
					"$(inherited)",
				);
				GCC_WARN_64_TO_32_BIT_CONVERSION = YES;
				GCC_WARN_ABOUT_RETURN_TYPE = YES_ERROR;
				GCC_WARN_UNDECLARED_SELECTOR = YES;
				GCC_WARN_UNINITIALIZED_AUTOS = YES_AGGRESSIVE;
				GCC_WARN_UNUSED_FUNCTION = YES;
				GCC_WARN_UNUSED_VARIABLE = YES;
				IPHONEOS_DEPLOYMENT_TARGET = 12.2;
				MTL_ENABLE_DEBUG_INFO = INCLUDE_SOURCE;
				MTL_FAST_MATH = YES;
				ONLY_ACTIVE_ARCH = YES;
				SDKROOT = iphoneos;
				SWIFT_ACTIVE_COMPILATION_CONDITIONS = DEBUG;
				SWIFT_OPTIMIZATION_LEVEL = "-Onone";
			};
			name = Debug;
		};
		BC8D4A9322F9635D007C7F67 /* Release */ = {
			isa = XCBuildConfiguration;
			buildSettings = {
				ALWAYS_SEARCH_USER_PATHS = NO;
				CLANG_ANALYZER_NONNULL = YES;
				CLANG_ANALYZER_NUMBER_OBJECT_CONVERSION = YES_AGGRESSIVE;
				CLANG_CXX_LANGUAGE_STANDARD = "gnu++14";
				CLANG_CXX_LIBRARY = "libc++";
				CLANG_ENABLE_MODULES = YES;
				CLANG_ENABLE_OBJC_ARC = YES;
				CLANG_ENABLE_OBJC_WEAK = YES;
				CLANG_WARN_BLOCK_CAPTURE_AUTORELEASING = YES;
				CLANG_WARN_BOOL_CONVERSION = YES;
				CLANG_WARN_COMMA = YES;
				CLANG_WARN_CONSTANT_CONVERSION = YES;
				CLANG_WARN_DEPRECATED_OBJC_IMPLEMENTATIONS = YES;
				CLANG_WARN_DIRECT_OBJC_ISA_USAGE = YES_ERROR;
				CLANG_WARN_DOCUMENTATION_COMMENTS = YES;
				CLANG_WARN_EMPTY_BODY = YES;
				CLANG_WARN_ENUM_CONVERSION = YES;
				CLANG_WARN_INFINITE_RECURSION = YES;
				CLANG_WARN_INT_CONVERSION = YES;
				CLANG_WARN_NON_LITERAL_NULL_CONVERSION = YES;
				CLANG_WARN_OBJC_IMPLICIT_RETAIN_SELF = YES;
				CLANG_WARN_OBJC_LITERAL_CONVERSION = YES;
				CLANG_WARN_OBJC_ROOT_CLASS = YES_ERROR;
				CLANG_WARN_RANGE_LOOP_ANALYSIS = YES;
				CLANG_WARN_STRICT_PROTOTYPES = YES;
				CLANG_WARN_SUSPICIOUS_MOVE = YES;
				CLANG_WARN_UNGUARDED_AVAILABILITY = YES_AGGRESSIVE;
				CLANG_WARN_UNREACHABLE_CODE = YES;
				CLANG_WARN__DUPLICATE_METHOD_MATCH = YES;
				CODE_SIGN_IDENTITY = "iPhone Developer";
				COPY_PHASE_STRIP = NO;
				DEBUG_INFORMATION_FORMAT = "dwarf-with-dsym";
				ENABLE_NS_ASSERTIONS = NO;
				ENABLE_STRICT_OBJC_MSGSEND = YES;
				GCC_C_LANGUAGE_STANDARD = gnu11;
				GCC_NO_COMMON_BLOCKS = YES;
				GCC_WARN_64_TO_32_BIT_CONVERSION = YES;
				GCC_WARN_ABOUT_RETURN_TYPE = YES_ERROR;
				GCC_WARN_UNDECLARED_SELECTOR = YES;
				GCC_WARN_UNINITIALIZED_AUTOS = YES_AGGRESSIVE;
				GCC_WARN_UNUSED_FUNCTION = YES;
				GCC_WARN_UNUSED_VARIABLE = YES;
				IPHONEOS_DEPLOYMENT_TARGET = 12.2;
				MTL_ENABLE_DEBUG_INFO = NO;
				MTL_FAST_MATH = YES;
				SDKROOT = iphoneos;
				SWIFT_COMPILATION_MODE = wholemodule;
				SWIFT_OPTIMIZATION_LEVEL = "-O";
				VALIDATE_PRODUCT = YES;
			};
			name = Release;
		};
		BC8D4A9522F9635D007C7F67 /* Debug */ = {
			isa = XCBuildConfiguration;
			baseConfigurationReference = AD55273E82D96CD590FD42F3 /* Pods-Mohae.debug.xcconfig */;
			buildSettings = {
				ASSETCATALOG_COMPILER_APPICON_NAME = AppIcon;
				CLANG_ENABLE_MODULES = YES;
				CODE_SIGN_STYLE = Automatic;
				INFOPLIST_FILE = Mohae/Info.plist;
				LD_RUNPATH_SEARCH_PATHS = (
					"$(inherited)",
					"@executable_path/Frameworks",
				);
				PRODUCT_BUNDLE_IDENTIFIER = com.today.mohae.Mohae;
				PRODUCT_NAME = "$(TARGET_NAME)";
				SWIFT_OBJC_BRIDGING_HEADER = "Mohae/View/Mohae-Bridging-Header.h";
				SWIFT_OPTIMIZATION_LEVEL = "-Onone";
				SWIFT_VERSION = 5.0;
				TARGETED_DEVICE_FAMILY = "1,2";
			};
			name = Debug;
		};
		BC8D4A9622F9635D007C7F67 /* Release */ = {
			isa = XCBuildConfiguration;
			baseConfigurationReference = 9ABE04658614A27B1D5977D9 /* Pods-Mohae.release.xcconfig */;
			buildSettings = {
				ASSETCATALOG_COMPILER_APPICON_NAME = AppIcon;
				CLANG_ENABLE_MODULES = YES;
				CODE_SIGN_STYLE = Automatic;
				INFOPLIST_FILE = Mohae/Info.plist;
				LD_RUNPATH_SEARCH_PATHS = (
					"$(inherited)",
					"@executable_path/Frameworks",
				);
				PRODUCT_BUNDLE_IDENTIFIER = com.today.mohae.Mohae;
				PRODUCT_NAME = "$(TARGET_NAME)";
				SWIFT_OBJC_BRIDGING_HEADER = "Mohae/View/Mohae-Bridging-Header.h";
				SWIFT_VERSION = 5.0;
				TARGETED_DEVICE_FAMILY = "1,2";
			};
			name = Release;
		};
		BC8D4A9822F9635D007C7F67 /* Debug */ = {
			isa = XCBuildConfiguration;
			buildSettings = {
				ALWAYS_EMBED_SWIFT_STANDARD_LIBRARIES = YES;
				BUNDLE_LOADER = "$(TEST_HOST)";
				CODE_SIGN_STYLE = Automatic;
				INFOPLIST_FILE = MohaeTests/Info.plist;
				LD_RUNPATH_SEARCH_PATHS = (
					"$(inherited)",
					"@executable_path/Frameworks",
					"@loader_path/Frameworks",
				);
				PRODUCT_BUNDLE_IDENTIFIER = com.today.mohae.MohaeTests;
				PRODUCT_NAME = "$(TARGET_NAME)";
				SWIFT_VERSION = 5.0;
				TARGETED_DEVICE_FAMILY = "1,2";
				TEST_HOST = "$(BUILT_PRODUCTS_DIR)/Mohae.app/Mohae";
			};
			name = Debug;
		};
		BC8D4A9922F9635D007C7F67 /* Release */ = {
			isa = XCBuildConfiguration;
			buildSettings = {
				ALWAYS_EMBED_SWIFT_STANDARD_LIBRARIES = YES;
				BUNDLE_LOADER = "$(TEST_HOST)";
				CODE_SIGN_STYLE = Automatic;
				INFOPLIST_FILE = MohaeTests/Info.plist;
				LD_RUNPATH_SEARCH_PATHS = (
					"$(inherited)",
					"@executable_path/Frameworks",
					"@loader_path/Frameworks",
				);
				PRODUCT_BUNDLE_IDENTIFIER = com.today.mohae.MohaeTests;
				PRODUCT_NAME = "$(TARGET_NAME)";
				SWIFT_VERSION = 5.0;
				TARGETED_DEVICE_FAMILY = "1,2";
				TEST_HOST = "$(BUILT_PRODUCTS_DIR)/Mohae.app/Mohae";
			};
			name = Release;
		};
		BC8D4A9B22F9635D007C7F67 /* Debug */ = {
			isa = XCBuildConfiguration;
			buildSettings = {
				ALWAYS_EMBED_SWIFT_STANDARD_LIBRARIES = YES;
				CODE_SIGN_STYLE = Automatic;
				INFOPLIST_FILE = MohaeUITests/Info.plist;
				LD_RUNPATH_SEARCH_PATHS = (
					"$(inherited)",
					"@executable_path/Frameworks",
					"@loader_path/Frameworks",
				);
				PRODUCT_BUNDLE_IDENTIFIER = com.today.mohae.MohaeUITests;
				PRODUCT_NAME = "$(TARGET_NAME)";
				SWIFT_VERSION = 5.0;
				TARGETED_DEVICE_FAMILY = "1,2";
				TEST_TARGET_NAME = Mohae;
			};
			name = Debug;
		};
		BC8D4A9C22F9635D007C7F67 /* Release */ = {
			isa = XCBuildConfiguration;
			buildSettings = {
				ALWAYS_EMBED_SWIFT_STANDARD_LIBRARIES = YES;
				CODE_SIGN_STYLE = Automatic;
				INFOPLIST_FILE = MohaeUITests/Info.plist;
				LD_RUNPATH_SEARCH_PATHS = (
					"$(inherited)",
					"@executable_path/Frameworks",
					"@loader_path/Frameworks",
				);
				PRODUCT_BUNDLE_IDENTIFIER = com.today.mohae.MohaeUITests;
				PRODUCT_NAME = "$(TARGET_NAME)";
				SWIFT_VERSION = 5.0;
				TARGETED_DEVICE_FAMILY = "1,2";
				TEST_TARGET_NAME = Mohae;
			};
			name = Release;
		};
/* End XCBuildConfiguration section */

/* Begin XCConfigurationList section */
		BC8D4A6722F9635B007C7F67 /* Build configuration list for PBXProject "Mohae" */ = {
			isa = XCConfigurationList;
			buildConfigurations = (
				BC8D4A9222F9635D007C7F67 /* Debug */,
				BC8D4A9322F9635D007C7F67 /* Release */,
			);
			defaultConfigurationIsVisible = 0;
			defaultConfigurationName = Release;
		};
		BC8D4A9422F9635D007C7F67 /* Build configuration list for PBXNativeTarget "Mohae" */ = {
			isa = XCConfigurationList;
			buildConfigurations = (
				BC8D4A9522F9635D007C7F67 /* Debug */,
				BC8D4A9622F9635D007C7F67 /* Release */,
			);
			defaultConfigurationIsVisible = 0;
			defaultConfigurationName = Release;
		};
		BC8D4A9722F9635D007C7F67 /* Build configuration list for PBXNativeTarget "MohaeTests" */ = {
			isa = XCConfigurationList;
			buildConfigurations = (
				BC8D4A9822F9635D007C7F67 /* Debug */,
				BC8D4A9922F9635D007C7F67 /* Release */,
			);
			defaultConfigurationIsVisible = 0;
			defaultConfigurationName = Release;
		};
		BC8D4A9A22F9635D007C7F67 /* Build configuration list for PBXNativeTarget "MohaeUITests" */ = {
			isa = XCConfigurationList;
			buildConfigurations = (
				BC8D4A9B22F9635D007C7F67 /* Debug */,
				BC8D4A9C22F9635D007C7F67 /* Release */,
			);
			defaultConfigurationIsVisible = 0;
			defaultConfigurationName = Release;
		};
/* End XCConfigurationList section */
	};
	rootObject = BC8D4A6422F9635B007C7F67 /* Project object */;
}
